{
  "name": "welsonjs",
  "version": "0.1.0",
  "lockfileVersion": 1,
  "requires": true,
  "dependencies": {
    "es5-shim": {
      "version": "4.5.14",
      "resolved": "https://registry.npmjs.org/es5-shim/-/es5-shim-4.5.14.tgz",
      "integrity": "sha512-7SwlpL+2JpymWTt8sNLuC2zdhhc+wrfe5cMPI2j0o6WsPdfAiPwmFy2f0AocPB4RQVBOZ9kNTgi5YF7TdhkvEg=="
    },
    "es6-shim": {
      "version": "0.35.5",
      "resolved": "https://registry.npmjs.org/es6-shim/-/es6-shim-0.35.5.tgz",
      "integrity": "sha512-E9kK/bjtCQRpN1K28Xh4BlmP8egvZBGJJ+9GtnzOwt7mdqtrjHFuVGr7QJfdjBIKqrlU5duPf3pCBoDrkjVYFg=="
    },
    "json3": {
      "version": "3.3.3",
      "resolved": "https://registry.npmjs.org/json3/-/json3-3.3.3.tgz",
      "integrity": "sha512-c7/8mbUsKigAbLkD5B010BK4D9LZm7A1pNItkEwiUZRpIN66exu/e7YQWysGun+TRKaJp8MhemM+VkfWv42aCA=="
    }
  }
}
