
Microsoft Visual Studio Solution File, Format Version 12.00
# Visual Studio Version 18
VisualStudioVersion = 18.1.11312.151 d18.0
MinimumVisualStudioVersion = 10.0.40219.1
Project("{FAE04EC0-301F-11D3-BF4B-00C04F79EFBC}") = "WelsonJS.Toolkit", "WelsonJS.Toolkit\WelsonJS.Toolkit.csproj", "{D6007282-B4F7-4694-AC67-BB838D91B77A}"
EndProject
Project("{FAE04EC0-301F-11D3-BF4B-00C04F79EFBC}") = "WelsonJS.Service", "WelsonJS.Service\WelsonJS.Service.csproj", "{09F295EE-5EDB-4327-ABBE-DDCCDF5EDD9E}"
EndProject
Project("{FAE04EC0-301F-11D3-BF4B-00C04F79EFBC}") = "WelsonJS.Launcher", "WelsonJS.Launcher\WelsonJS.Launcher.csproj", "{4074D413-195C-45E9-9E63-0D07914187B8}"
EndProject
Project("{9A19103F-16F7-4668-BE54-9A1E7A4F7556}") = "EsentInterop", "EsentInterop\EsentInterop.csproj", "{E929E163-52A0-4AAC-917B-6D7FAF70C45E}"
EndProject
Project("{9A19103F-16F7-4668-BE54-9A1E7A4F7556}") = "WelsonJS.Esent", "WelsonJS.Esent\WelsonJS.Esent.csproj", "{783F2DB2-80D0-4F58-A55E-9593E44D5743}"
EndProject
Project("{778DAE3C-4631-46EA-AA77-85C1314464D9}") = "WelsonJS.Cryptography", "WelsonJS.Cryptography\WelsonJS.Cryptography.vbproj", "{577A0EA3-0E02-4099-8ECA-4E8DC7339C69}"
EndProject
Project("{778DAE3C-4631-46EA-AA77-85C1314464D9}") = "WelsonJS.Cryptography.Test", "WelsonJS.Cryptography.Test\WelsonJS.Cryptography.Test.vbproj", "{C65EC34B-71C7-47CF-912E-D304283EB412}"
EndProject
Project("{FAE04EC0-301F-11D3-BF4B-00C04F79EFBC}") = "Catswords.Phantomizer", "Catswords.Phantomizer\Catswords.Phantomizer.csproj", "{59C67003-C14E-4703-927F-318BFF15F903}"
EndProject
Project("{FAE04EC0-301F-11D3-BF4B-00C04F79EFBC}") = "Catswords.TlsReport", "Catswords.TlsReport\Catswords.TlsReport.csproj", "{05EE55FD-76C6-482E-9886-72EB5BD3C621}"
EndProject
Global
	GlobalSection(SolutionConfigurationPlatforms) = preSolution
		Debug|Any CPU = Debug|Any CPU
		Debug|x86 = Debug|x86
		Release|Any CPU = Release|Any CPU
		Release|x86 = Release|x86
	EndGlobalSection
	GlobalSection(ProjectConfigurationPlatforms) = postSolution
		{D6007282-B4F7-4694-AC67-BB838D91B77A}.Debug|Any CPU.ActiveCfg = Debug|Any CPU
		{D6007282-B4F7-4694-AC67-BB838D91B77A}.Debug|Any CPU.Build.0 = Debug|Any CPU
		{D6007282-B4F7-4694-AC67-BB838D91B77A}.Debug|x86.ActiveCfg = Debug|x86
		{D6007282-B4F7-4694-AC67-BB838D91B77A}.Debug|x86.Build.0 = Debug|x86
		{D6007282-B4F7-4694-AC67-BB838D91B77A}.Release|Any CPU.ActiveCfg = Release|Any CPU
		{D6007282-B4F7-4694-AC67-BB838D91B77A}.Release|Any CPU.Build.0 = Release|Any CPU
		{D6007282-B4F7-4694-AC67-BB838D91B77A}.Release|x86.ActiveCfg = Release|x86
		{D6007282-B4F7-4694-AC67-BB838D91B77A}.Release|x86.Build.0 = Release|x86
		{09F295EE-5EDB-4327-ABBE-DDCCDF5EDD9E}.Debug|Any CPU.ActiveCfg = Debug|Any CPU
		{09F295EE-5EDB-4327-ABBE-DDCCDF5EDD9E}.Debug|Any CPU.Build.0 = Debug|Any CPU
		{09F295EE-5EDB-4327-ABBE-DDCCDF5EDD9E}.Debug|x86.ActiveCfg = Debug|x86
		{09F295EE-5EDB-4327-ABBE-DDCCDF5EDD9E}.Debug|x86.Build.0 = Debug|x86
		{09F295EE-5EDB-4327-ABBE-DDCCDF5EDD9E}.Release|Any CPU.ActiveCfg = Release|Any CPU
		{09F295EE-5EDB-4327-ABBE-DDCCDF5EDD9E}.Release|Any CPU.Build.0 = Release|Any CPU
		{09F295EE-5EDB-4327-ABBE-DDCCDF5EDD9E}.Release|x86.ActiveCfg = Release|x86
		{09F295EE-5EDB-4327-ABBE-DDCCDF5EDD9E}.Release|x86.Build.0 = Release|x86
		{4074D413-195C-45E9-9E63-0D07914187B8}.Debug|Any CPU.ActiveCfg = Debug|Any CPU
		{4074D413-195C-45E9-9E63-0D07914187B8}.Debug|Any CPU.Build.0 = Debug|Any CPU
		{4074D413-195C-45E9-9E63-0D07914187B8}.Debug|x86.ActiveCfg = Debug|x86
		{4074D413-195C-45E9-9E63-0D07914187B8}.Debug|x86.Build.0 = Debug|x86
		{4074D413-195C-45E9-9E63-0D07914187B8}.Release|Any CPU.ActiveCfg = Release|Any CPU
		{4074D413-195C-45E9-9E63-0D07914187B8}.Release|Any CPU.Build.0 = Release|Any CPU
		{4074D413-195C-45E9-9E63-0D07914187B8}.Release|x86.ActiveCfg = Release|x86
		{4074D413-195C-45E9-9E63-0D07914187B8}.Release|x86.Build.0 = Release|x86
		{E929E163-52A0-4AAC-917B-6D7FAF70C45E}.Debug|Any CPU.ActiveCfg = Debug|Any CPU
		{E929E163-52A0-4AAC-917B-6D7FAF70C45E}.Debug|Any CPU.Build.0 = Debug|Any CPU
		{E929E163-52A0-4AAC-917B-6D7FAF70C45E}.Debug|x86.ActiveCfg = Debug|x86
		{E929E163-52A0-4AAC-917B-6D7FAF70C45E}.Debug|x86.Build.0 = Debug|x86
		{E929E163-52A0-4AAC-917B-6D7FAF70C45E}.Release|Any CPU.ActiveCfg = Release|Any CPU
		{E929E163-52A0-4AAC-917B-6D7FAF70C45E}.Release|Any CPU.Build.0 = Release|Any CPU
		{E929E163-52A0-4AAC-917B-6D7FAF70C45E}.Release|x86.ActiveCfg = Release|x86
		{E929E163-52A0-4AAC-917B-6D7FAF70C45E}.Release|x86.Build.0 = Release|x86
		{783F2DB2-80D0-4F58-A55E-9593E44D5743}.Debug|Any CPU.ActiveCfg = Debug|Any CPU
		{783F2DB2-80D0-4F58-A55E-9593E44D5743}.Debug|Any CPU.Build.0 = Debug|Any CPU
		{783F2DB2-80D0-4F58-A55E-9593E44D5743}.Debug|x86.ActiveCfg = Debug|x86
		{783F2DB2-80D0-4F58-A55E-9593E44D5743}.Debug|x86.Build.0 = Debug|x86
		{783F2DB2-80D0-4F58-A55E-9593E44D5743}.Release|Any CPU.ActiveCfg = Release|Any CPU
		{783F2DB2-80D0-4F58-A55E-9593E44D5743}.Release|Any CPU.Build.0 = Release|Any CPU
		{783F2DB2-80D0-4F58-A55E-9593E44D5743}.Release|x86.ActiveCfg = Release|x86
		{783F2DB2-80D0-4F58-A55E-9593E44D5743}.Release|x86.Build.0 = Release|x86
		{577A0EA3-0E02-4099-8ECA-4E8DC7339C69}.Debug|Any CPU.ActiveCfg = Debug|Any CPU
		{577A0EA3-0E02-4099-8ECA-4E8DC7339C69}.Debug|Any CPU.Build.0 = Debug|Any CPU
		{577A0EA3-0E02-4099-8ECA-4E8DC7339C69}.Debug|x86.ActiveCfg = Debug|x86
		{577A0EA3-0E02-4099-8ECA-4E8DC7339C69}.Debug|x86.Build.0 = Debug|x86
		{577A0EA3-0E02-4099-8ECA-4E8DC7339C69}.Release|Any CPU.ActiveCfg = Release|Any CPU
		{577A0EA3-0E02-4099-8ECA-4E8DC7339C69}.Release|Any CPU.Build.0 = Release|Any CPU
		{577A0EA3-0E02-4099-8ECA-4E8DC7339C69}.Release|x86.ActiveCfg = Release|x86
		{577A0EA3-0E02-4099-8ECA-4E8DC7339C69}.Release|x86.Build.0 = Release|x86
		{C65EC34B-71C7-47CF-912E-D304283EB412}.Debug|Any CPU.ActiveCfg = Debug|Any CPU
		{C65EC34B-71C7-47CF-912E-D304283EB412}.Debug|Any CPU.Build.0 = Debug|Any CPU
		{C65EC34B-71C7-47CF-912E-D304283EB412}.Debug|x86.ActiveCfg = Debug|x86
		{C65EC34B-71C7-47CF-912E-D304283EB412}.Debug|x86.Build.0 = Debug|x86
		{C65EC34B-71C7-47CF-912E-D304283EB412}.Release|Any CPU.ActiveCfg = Release|Any CPU
		{C65EC34B-71C7-47CF-912E-D304283EB412}.Release|Any CPU.Build.0 = Release|Any CPU
		{C65EC34B-71C7-47CF-912E-D304283EB412}.Release|x86.ActiveCfg = Release|x86
		{C65EC34B-71C7-47CF-912E-D304283EB412}.Release|x86.Build.0 = Release|x86
		{59C67003-C14E-4703-927F-318BFF15F903}.Debug|Any CPU.ActiveCfg = Debug|Any CPU
		{59C67003-C14E-4703-927F-318BFF15F903}.Debug|Any CPU.Build.0 = Debug|Any CPU
		{59C67003-C14E-4703-927F-318BFF15F903}.Debug|x86.ActiveCfg = Debug|Any CPU
		{59C67003-C14E-4703-927F-318BFF15F903}.Debug|x86.Build.0 = Debug|Any CPU
		{59C67003-C14E-4703-927F-318BFF15F903}.Release|Any CPU.ActiveCfg = Release|Any CPU
		{59C67003-C14E-4703-927F-318BFF15F903}.Release|Any CPU.Build.0 = Release|Any CPU
		{59C67003-C14E-4703-927F-318BFF15F903}.Release|x86.ActiveCfg = Release|Any CPU
		{59C67003-C14E-4703-927F-318BFF15F903}.Release|x86.Build.0 = Release|Any CPU
		{05EE55FD-76C6-482E-9886-72EB5BD3C621}.Debug|Any CPU.ActiveCfg = Debug|Any CPU
		{05EE55FD-76C6-482E-9886-72EB5BD3C621}.Debug|Any CPU.Build.0 = Debug|Any CPU
		{05EE55FD-76C6-482E-9886-72EB5BD3C621}.Debug|x86.ActiveCfg = Debug|Any CPU
		{05EE55FD-76C6-482E-9886-72EB5BD3C621}.Debug|x86.Build.0 = Debug|Any CPU
		{05EE55FD-76C6-482E-9886-72EB5BD3C621}.Release|Any CPU.ActiveCfg = Release|Any CPU
		{05EE55FD-76C6-482E-9886-72EB5BD3C621}.Release|Any CPU.Build.0 = Release|Any CPU
		{05EE55FD-76C6-482E-9886-72EB5BD3C621}.Release|x86.ActiveCfg = Release|Any CPU
		{05EE55FD-76C6-482E-9886-72EB5BD3C621}.Release|x86.Build.0 = Release|Any CPU
	EndGlobalSection
	GlobalSection(SolutionProperties) = preSolution
		HideSolutionNode = FALSE
	EndGlobalSection
	GlobalSection(ExtensibilityGlobals) = postSolution
		SolutionGuid = {F1E9EEB8-9B3D-46A0-9AA7-1CB61E8FD80C}
	EndGlobalSection
EndGlobal
